
Microsoft Visual Studio Solution File, Format Version 12.00
# Visual Studio Version 16
VisualStudioVersion = 16.0.30804.86
MinimumVisualStudioVersion = 10.0.40219.1
Project("{FAE04EC0-301F-11D3-BF4B-00C04F79EFBC}") = "TestingReflection", "TestingReflection\TestingReflection.csproj", "{6F5F9A25-6B53-4D7D-8D4A-63861360AC11}"
EndProject
Project("{FAE04EC0-301F-11D3-BF4B-00C04F79EFBC}") = "TestingReflection.Domain", "TestingReflection.Domain\TestingReflection.Domain.csproj", "{DD788E90-7967-40E1-8D56-F7CACEAB1540}"
EndProject
Global
	GlobalSection(SolutionConfigurationPlatforms) = preSolution
		Debug|Any CPU = Debug|Any CPU
		Release|Any CPU = Release|Any CPU
	EndGlobalSection
	GlobalSection(ProjectConfigurationPlatforms) = postSolution
		{6F5F9A25-6B53-4D7D-8D4A-63861360AC11}.Debug|Any CPU.ActiveCfg = Debug|Any CPU
		{6F5F9A25-6B53-4D7D-8D4A-63861360AC11}.Debug|Any CPU.Build.0 = Debug|Any CPU
		{6F5F9A25-6B53-4D7D-8D4A-63861360AC11}.Release|Any CPU.ActiveCfg = Release|Any CPU
		{6F5F9A25-6B53-4D7D-8D4A-63861360AC11}.Release|Any CPU.Build.0 = Release|Any CPU
		{DD788E90-7967-40E1-8D56-F7CACEAB1540}.Debug|Any CPU.ActiveCfg = Debug|Any CPU
		{DD788E90-7967-40E1-8D56-F7CACEAB1540}.Debug|Any CPU.Build.0 = Debug|Any CPU
		{DD788E90-7967-40E1-8D56-F7CACEAB1540}.Release|Any CPU.ActiveCfg = Release|Any CPU
		{DD788E90-7967-40E1-8D56-F7CACEAB1540}.Release|Any CPU.Build.0 = Release|Any CPU
	EndGlobalSection
	GlobalSection(SolutionProperties) = preSolution
		HideSolutionNode = FALSE
	EndGlobalSection
	GlobalSection(ExtensibilityGlobals) = postSolution
		SolutionGuid = {3AF9DA0E-8E1D-43B2-919E-E28F9626B7FF}
	EndGlobalSection
EndGlobal
